
Microsoft Visual Studio Solution File, Format Version 12.00
# Visual Studio Version 16
VisualStudioVersion = 16.0.29306.81
MinimumVisualStudioVersion = 10.0.40219.1
Project("{FAE04EC0-301F-11D3-BF4B-00C04F79EFBC}") = "RDocsDemo.NET", "RDocsDemo.NET.csproj", "{B8CD86B8-8C59-49A2-B6C3-FE1CD445F880}"
EndProject
Global
	GlobalSection(SolutionConfigurationPlatforms) = preSolution
		Debug|Any CPU = Debug|Any CPU
		Release|Any CPU = Release|Any CPU
	EndGlobalSection
	GlobalSection(ProjectConfigurationPlatforms) = postSolution
		{B8CD86B8-8C59-49A2-B6C3-FE1CD445F880}.Debug|Any CPU.ActiveCfg = Debug|Any CPU
		{B8CD86B8-8C59-49A2-B6C3-FE1CD445F880}.Debug|Any CPU.Build.0 = Debug|Any CPU
		{B8CD86B8-8C59-49A2-B6C3-FE1CD445F880}.Release|Any CPU.ActiveCfg = Release|Any CPU
		{B8CD86B8-8C59-49A2-B6C3-FE1CD445F880}.Release|Any CPU.Build.0 = Release|Any CPU
	EndGlobalSection
	GlobalSection(SolutionProperties) = preSolution
		HideSolutionNode = FALSE
	EndGlobalSection
	GlobalSection(ExtensibilityGlobals) = postSolution
		SolutionGuid = {03B6D9B9-6986-40C2-9F61-1AA4241DB617}
	EndGlobalSection
EndGlobal
